
Microsoft Visual Studio Solution File, Format Version 12.00
# Visual Studio 15
VisualStudioVersion = 15.0.28307.271
MinimumVisualStudioVersion = 10.0.40219.1
Project("{FAE04EC0-301F-11D3-BF4B-00C04F79EFBC}") = "WindowsFormsApp1", "WindowsFormsApp1\WindowsFormsApp1.csproj", "{AD9E69DF-9B84-462C-BFDC-11D67ED676C2}"
EndProject
Global
	GlobalSection(SolutionConfigurationPlatforms) = preSolution
		Debug|Any CPU = Debug|Any CPU
		Release|Any CPU = Release|Any CPU
	EndGlobalSection
	GlobalSection(ProjectConfigurationPlatforms) = postSolution
		{AD9E69DF-9B84-462C-BFDC-11D67ED676C2}.Debug|Any CPU.ActiveCfg = Debug|Any CPU
		{AD9E69DF-9B84-462C-BFDC-11D67ED676C2}.Debug|Any CPU.Build.0 = Debug|Any CPU
		{AD9E69DF-9B84-462C-BFDC-11D67ED676C2}.Release|Any CPU.ActiveCfg = Release|Any CPU
		{AD9E69DF-9B84-462C-BFDC-11D67ED676C2}.Release|Any CPU.Build.0 = Release|Any CPU
	EndGlobalSection
	GlobalSection(SolutionProperties) = preSolution
		HideSolutionNode = FALSE
	EndGlobalSection
	GlobalSection(ExtensibilityGlobals) = postSolution
		SolutionGuid = {1FFB0DC8-DC30-4A23-851E-D1C342855C34}
	EndGlobalSection
EndGlobal
